
Microsoft Visual Studio Solution File, Format Version 12.00
# Visual Studio 14
VisualStudioVersion = 14.0.24720.0
MinimumVisualStudioVersion = 10.0.40219.1
Project("{FAE04EC0-301F-11D3-BF4B-00C04F79EFBC}") = "Operators", "Operators\Operators.csproj", "{5BFCDED2-52B0-4A7E-86C6-CFE46249A9D8}"
EndProject
Project("{FAE04EC0-301F-11D3-BF4B-00C04F79EFBC}") = "ExtensionMethods", "ExtensionMethods\ExtensionMethods.csproj", "{5E1AA7C8-69D5-4AEC-8315-BCB444F1D7FB}"
EndProject
Project("{FAE04EC0-301F-11D3-BF4B-00C04F79EFBC}") = "Exceptions", "Exceptions\Exceptions.csproj", "{150EA5B6-CEEA-4EB1-9118-BDE1D387B2CF}"
EndProject
Project("{FAE04EC0-301F-11D3-BF4B-00C04F79EFBC}") = "Generics", "Generics\Generics.csproj", "{41B515DB-4FF0-44A2-9794-C50DA04D4A06}"
EndProject
Project("{FAE04EC0-301F-11D3-BF4B-00C04F79EFBC}") = "Delegates", "Delegates\Delegates.csproj", "{DB54B17E-28D5-49B7-8D8C-FC95FFED2611}"
EndProject
Project("{FAE04EC0-301F-11D3-BF4B-00C04F79EFBC}") = "LINQ", "LINQ\LINQ.csproj", "{CEAEEABB-6A05-496A-BFF4-568BE106218D}"
EndProject
Project("{FAE04EC0-301F-11D3-BF4B-00C04F79EFBC}") = "Events", "Events\Events.csproj", "{A0BD7C73-BD5C-47B9-8CE8-6F9BFB373C6A}"
EndProject
Project("{FAE04EC0-301F-11D3-BF4B-00C04F79EFBC}") = "DelegatesMathApplication", "DelegatesMathApplication\DelegatesMathApplication.csproj", "{62373611-4C6B-4CE5-AB88-69AEA6C4F3EE}"
EndProject
Project("{FAE04EC0-301F-11D3-BF4B-00C04F79EFBC}") = "AsyncProgramming", "AsyncProgramming\AsyncProgramming.csproj", "{ACFDDEAA-C139-4ADE-B849-C75B0129537C}"
EndProject
Global
	GlobalSection(SolutionConfigurationPlatforms) = preSolution
		Debug|Any CPU = Debug|Any CPU
		Release|Any CPU = Release|Any CPU
	EndGlobalSection
	GlobalSection(ProjectConfigurationPlatforms) = postSolution
		{5BFCDED2-52B0-4A7E-86C6-CFE46249A9D8}.Debug|Any CPU.ActiveCfg = Debug|Any CPU
		{5BFCDED2-52B0-4A7E-86C6-CFE46249A9D8}.Debug|Any CPU.Build.0 = Debug|Any CPU
		{5BFCDED2-52B0-4A7E-86C6-CFE46249A9D8}.Release|Any CPU.ActiveCfg = Release|Any CPU
		{5BFCDED2-52B0-4A7E-86C6-CFE46249A9D8}.Release|Any CPU.Build.0 = Release|Any CPU
		{5E1AA7C8-69D5-4AEC-8315-BCB444F1D7FB}.Debug|Any CPU.ActiveCfg = Debug|Any CPU
		{5E1AA7C8-69D5-4AEC-8315-BCB444F1D7FB}.Debug|Any CPU.Build.0 = Debug|Any CPU
		{5E1AA7C8-69D5-4AEC-8315-BCB444F1D7FB}.Release|Any CPU.ActiveCfg = Release|Any CPU
		{5E1AA7C8-69D5-4AEC-8315-BCB444F1D7FB}.Release|Any CPU.Build.0 = Release|Any CPU
		{150EA5B6-CEEA-4EB1-9118-BDE1D387B2CF}.Debug|Any CPU.ActiveCfg = Debug|Any CPU
		{150EA5B6-CEEA-4EB1-9118-BDE1D387B2CF}.Debug|Any CPU.Build.0 = Debug|Any CPU
		{150EA5B6-CEEA-4EB1-9118-BDE1D387B2CF}.Release|Any CPU.ActiveCfg = Release|Any CPU
		{150EA5B6-CEEA-4EB1-9118-BDE1D387B2CF}.Release|Any CPU.Build.0 = Release|Any CPU
		{41B515DB-4FF0-44A2-9794-C50DA04D4A06}.Debug|Any CPU.ActiveCfg = Debug|Any CPU
		{41B515DB-4FF0-44A2-9794-C50DA04D4A06}.Debug|Any CPU.Build.0 = Debug|Any CPU
		{41B515DB-4FF0-44A2-9794-C50DA04D4A06}.Release|Any CPU.ActiveCfg = Release|Any CPU
		{41B515DB-4FF0-44A2-9794-C50DA04D4A06}.Release|Any CPU.Build.0 = Release|Any CPU
		{DB54B17E-28D5-49B7-8D8C-FC95FFED2611}.Debug|Any CPU.ActiveCfg = Debug|Any CPU
		{DB54B17E-28D5-49B7-8D8C-FC95FFED2611}.Debug|Any CPU.Build.0 = Debug|Any CPU
		{DB54B17E-28D5-49B7-8D8C-FC95FFED2611}.Release|Any CPU.ActiveCfg = Release|Any CPU
		{DB54B17E-28D5-49B7-8D8C-FC95FFED2611}.Release|Any CPU.Build.0 = Release|Any CPU
		{CEAEEABB-6A05-496A-BFF4-568BE106218D}.Debug|Any CPU.ActiveCfg = Debug|Any CPU
		{CEAEEABB-6A05-496A-BFF4-568BE106218D}.Debug|Any CPU.Build.0 = Debug|Any CPU
		{CEAEEABB-6A05-496A-BFF4-568BE106218D}.Release|Any CPU.ActiveCfg = Release|Any CPU
		{CEAEEABB-6A05-496A-BFF4-568BE106218D}.Release|Any CPU.Build.0 = Release|Any CPU
		{A0BD7C73-BD5C-47B9-8CE8-6F9BFB373C6A}.Debug|Any CPU.ActiveCfg = Debug|Any CPU
		{A0BD7C73-BD5C-47B9-8CE8-6F9BFB373C6A}.Debug|Any CPU.Build.0 = Debug|Any CPU
		{A0BD7C73-BD5C-47B9-8CE8-6F9BFB373C6A}.Release|Any CPU.ActiveCfg = Release|Any CPU
		{A0BD7C73-BD5C-47B9-8CE8-6F9BFB373C6A}.Release|Any CPU.Build.0 = Release|Any CPU
		{62373611-4C6B-4CE5-AB88-69AEA6C4F3EE}.Debug|Any CPU.ActiveCfg = Debug|Any CPU
		{62373611-4C6B-4CE5-AB88-69AEA6C4F3EE}.Debug|Any CPU.Build.0 = Debug|Any CPU
		{62373611-4C6B-4CE5-AB88-69AEA6C4F3EE}.Release|Any CPU.ActiveCfg = Release|Any CPU
		{62373611-4C6B-4CE5-AB88-69AEA6C4F3EE}.Release|Any CPU.Build.0 = Release|Any CPU
		{ACFDDEAA-C139-4ADE-B849-C75B0129537C}.Debug|Any CPU.ActiveCfg = Debug|Any CPU
		{ACFDDEAA-C139-4ADE-B849-C75B0129537C}.Debug|Any CPU.Build.0 = Debug|Any CPU
		{ACFDDEAA-C139-4ADE-B849-C75B0129537C}.Release|Any CPU.ActiveCfg = Release|Any CPU
		{ACFDDEAA-C139-4ADE-B849-C75B0129537C}.Release|Any CPU.Build.0 = Release|Any CPU
	EndGlobalSection
	GlobalSection(SolutionProperties) = preSolution
		HideSolutionNode = FALSE
	EndGlobalSection
EndGlobal
